// !$*UTF8*$!
{
	archiveVersion = 1;
	classes = {
	};
	objectVersion = 46;
	objects = {

/* Begin PBXBuildFile section */
		54037BF9196FF47900F8F4DE /* IconSmall.png in Resources */ = {isa = PBXBuildFile; fileRef = 54037BF8196FF47900F8F4DE /* IconSmall.png */; };
		54037BFD196FFF6A00F8F4DE /* Sprite.m in Sources */ = {isa = PBXBuildFile; fileRef = 54037BFC196FFF6A00F8F4DE /* Sprite.m */; };
		54037BFF1970247400F8F4DE /* rocket_small.png in Resources */ = {isa = PBXBuildFile; fileRef = 54037BFE1970247400F8F4DE /* rocket_small.png */; };
		54ABEBD0196D90C6002A3479 /* Foundation.framework in Frameworks */ = {isa = PBXBuildFile; fileRef = 54ABEBCF196D90C6002A3479 /* Foundation.framework */; };
		54ABEBD2196D90C6002A3479 /* CoreGraphics.framework in Frameworks */ = {isa = PBXBuildFile; fileRef = 54ABEBD1196D90C6002A3479 /* CoreGraphics.framework */; };
		54ABEBD4196D90C6002A3479 /* UIKit.framework in Frameworks */ = {isa = PBXBuildFile; fileRef = 54ABEBD3196D90C6002A3479 /* UIKit.framework */; };
		54ABEBD6196D90C6002A3479 /* GLKit.framework in Frameworks */ = {isa = PBXBuildFile; fileRef = 54ABEBD5196D90C6002A3479 /* GLKit.framework */; };
		54ABEBD8196D90C6002A3479 /* OpenGLES.framework in Frameworks */ = {isa = PBXBuildFile; fileRef = 54ABEBD7196D90C6002A3479 /* OpenGLES.framework */; };
		54ABEBDE196D90C6002A3479 /* InfoPlist.strings in Resources */ = {isa = PBXBuildFile; fileRef = 54ABEBDC196D90C6002A3479 /* InfoPlist.strings */; };
		54ABEBE0196D90C6002A3479 /* main.m in Sources */ = {isa = PBXBuildFile; fileRef = 54ABEBDF196D90C6002A3479 /* main.m */; };
		54ABEBE4196D90C6002A3479 /* AppDelegate.m in Sources */ = {isa = PBXBuildFile; fileRef = 54ABEBE3196D90C6002A3479 /* AppDelegate.m */; };
		54ABEBE7196D90C6002A3479 /* Main_iPhone.storyboard in Resources */ = {isa = PBXBuildFile; fileRef = 54ABEBE5196D90C6002A3479 /* Main_iPhone.storyboard */; };
		54ABEBEA196D90C6002A3479 /* Main_iPad.storyboard in Resources */ = {isa = PBXBuildFile; fileRef = 54ABEBE8196D90C6002A3479 /* Main_iPad.storyboard */; };
		54ABEBF1196D90C6002A3479 /* ViewController.m in Sources */ = {isa = PBXBuildFile; fileRef = 54ABEBF0196D90C6002A3479 /* ViewController.m */; };
		54ABEBF3196D90C6002A3479 /* Images.xcassets in Resources */ = {isa = PBXBuildFile; fileRef = 54ABEBF2196D90C6002A3479 /* Images.xcassets */; };
		54ABEBFA196D90C6002A3479 /* XCTest.framework in Frameworks */ = {isa = PBXBuildFile; fileRef = 54ABEBF9196D90C6002A3479 /* XCTest.framework */; };
		54ABEBFB196D90C6002A3479 /* Foundation.framework in Frameworks */ = {isa = PBXBuildFile; fileRef = 54ABEBCF196D90C6002A3479 /* Foundation.framework */; };
		54ABEBFC196D90C6002A3479 /* UIKit.framework in Frameworks */ = {isa = PBXBuildFile; fileRef = 54ABEBD3196D90C6002A3479 /* UIKit.framework */; };
		54ABEC04196D90C6002A3479 /* InfoPlist.strings in Resources */ = {isa = PBXBuildFile; fileRef = 54ABEC02196D90C6002A3479 /* InfoPlist.strings */; };
		54ABEC06196D90C6002A3479 /* glTests.m in Sources */ = {isa = PBXBuildFile; fileRef = 54ABEC05196D90C6002A3479 /* glTests.m */; };
/* End PBXBuildFile section */

/* Begin PBXContainerItemProxy section */
		54ABEBFD196D90C6002A3479 /* PBXContainerItemProxy */ = {
			isa = PBXContainerItemProxy;
			containerPortal = 54ABEBC4196D90C6002A3479 /* Project object */;
			proxyType = 1;
			remoteGlobalIDString = 54ABEBCB196D90C6002A3479;
			remoteInfo = gl;
		};
/* End PBXContainerItemProxy section */

/* Begin PBXFileReference section */
		54037BF8196FF47900F8F4DE /* IconSmall.png */ = {isa = PBXFileReference; lastKnownFileType = image.png; path = IconSmall.png; sourceTree = "<group>"; };
		54037BFB196FFF6A00F8F4DE /* Sprite.h */ = {isa = PBXFileReference; fileEncoding = 4; lastKnownFileType = sourcecode.c.h; path = Sprite.h; sourceTree = "<group>"; };
		54037BFC196FFF6A00F8F4DE /* Sprite.m */ = {isa = PBXFileReference; fileEncoding = 4; lastKnownFileType = sourcecode.c.objc; path = Sprite.m; sourceTree = "<group>"; };
		54037BFE1970247400F8F4DE /* rocket_small.png */ = {isa = PBXFileReference; lastKnownFileType = image.png; path = rocket_small.png; sourceTree = "<group>"; };
		54ABEBCC196D90C6002A3479 /* gl.app */ = {isa = PBXFileReference; explicitFileType = wrapper.application; includeInIndex = 0; path = gl.app; sourceTree = BUILT_PRODUCTS_DIR; };
		54ABEBCF196D90C6002A3479 /* Foundation.framework */ = {isa = PBXFileReference; lastKnownFileType = wrapper.framework; name = Foundation.framework; path = System/Library/Frameworks/Foundation.framework; sourceTree = SDKROOT; };
		54ABEBD1196D90C6002A3479 /* CoreGraphics.framework */ = {isa = PBXFileReference; lastKnownFileType = wrapper.framework; name = CoreGraphics.framework; path = System/Library/Frameworks/CoreGraphics.framework; sourceTree = SDKROOT; };
		54ABEBD3196D90C6002A3479 /* UIKit.framework */ = {isa = PBXFileReference; lastKnownFileType = wrapper.framework; name = UIKit.framework; path = System/Library/Frameworks/UIKit.framework; sourceTree = SDKROOT; };
		54ABEBD5196D90C6002A3479 /* GLKit.framework */ = {isa = PBXFileReference; lastKnownFileType = wrapper.framework; name = GLKit.framework; path = System/Library/Frameworks/GLKit.framework; sourceTree = SDKROOT; };
		54ABEBD7196D90C6002A3479 /* OpenGLES.framework */ = {isa = PBXFileReference; lastKnownFileType = wrapper.framework; name = OpenGLES.framework; path = System/Library/Frameworks/OpenGLES.framework; sourceTree = SDKROOT; };
		54ABEBDB196D90C6002A3479 /* gl-Info.plist */ = {isa = PBXFileReference; lastKnownFileType = text.plist.xml; path = "gl-Info.plist"; sourceTree = "<group>"; };
		54ABEBDD196D90C6002A3479 /* en */ = {isa = PBXFileReference; lastKnownFileType = text.plist.strings; name = en; path = en.lproj/InfoPlist.strings; sourceTree = "<group>"; };
		54ABEBDF196D90C6002A3479 /* main.m */ = {isa = PBXFileReference; lastKnownFileType = sourcecode.c.objc; path = main.m; sourceTree = "<group>"; };
		54ABEBE1196D90C6002A3479 /* gl-Prefix.pch */ = {isa = PBXFileReference; lastKnownFileType = sourcecode.c.h; path = "gl-Prefix.pch"; sourceTree = "<group>"; };
		54ABEBE2196D90C6002A3479 /* AppDelegate.h */ = {isa = PBXFileReference; lastKnownFileType = sourcecode.c.h; path = AppDelegate.h; sourceTree = "<group>"; };
		54ABEBE3196D90C6002A3479 /* AppDelegate.m */ = {isa = PBXFileReference; lastKnownFileType = sourcecode.c.objc; path = AppDelegate.m; sourceTree = "<group>"; };
		54ABEBE6196D90C6002A3479 /* Base */ = {isa = PBXFileReference; lastKnownFileType = file.storyboard; name = Base; path = Base.lproj/Main_iPhone.storyboard; sourceTree = "<group>"; };
		54ABEBE9196D90C6002A3479 /* Base */ = {isa = PBXFileReference; lastKnownFileType = file.storyboard; name = Base; path = Base.lproj/Main_iPad.storyboard; sourceTree = "<group>"; };
		54ABEBEF196D90C6002A3479 /* ViewController.h */ = {isa = PBXFileReference; lastKnownFileType = sourcecode.c.h; path = ViewController.h; sourceTree = "<group>"; };
		54ABEBF0196D90C6002A3479 /* ViewController.m */ = {isa = PBXFileReference; lastKnownFileType = sourcecode.c.objc; path = ViewController.m; sourceTree = "<group>"; };
		54ABEBF2196D90C6002A3479 /* Images.xcassets */ = {isa = PBXFileReference; lastKnownFileType = folder.assetcatalog; path = Images.xcassets; sourceTree = "<group>"; };
		54ABEBF8196D90C6002A3479 /* glTests.xctest */ = {isa = PBXFileReference; explicitFileType = wrapper.cfbundle; includeInIndex = 0; path = glTests.xctest; sourceTree = BUILT_PRODUCTS_DIR; };
		54ABEBF9196D90C6002A3479 /* XCTest.framework */ = {isa = PBXFileReference; lastKnownFileType = wrapper.framework; name = XCTest.framework; path = Library/Frameworks/XCTest.framework; sourceTree = DEVELOPER_DIR; };
		54ABEC01196D90C6002A3479 /* glTests-Info.plist */ = {isa = PBXFileReference; lastKnownFileType = text.plist.xml; path = "glTests-Info.plist"; sourceTree = "<group>"; };
		54ABEC03196D90C6002A3479 /* en */ = {isa = PBXFileReference; lastKnownFileType = text.plist.strings; name = en; path = en.lproj/InfoPlist.strings; sourceTree = "<group>"; };
		54ABEC05196D90C6002A3479 /* glTests.m */ = {isa = PBXFileReference; lastKnownFileType = sourcecode.c.objc; path = glTests.m; sourceTree = "<group>"; };
/* End PBXFileReference section */

/* Begin PBXFrameworksBuildPhase section */
		54ABEBC9196D90C6002A3479 /* Frameworks */ = {
			isa = PBXFrameworksBuildPhase;
			buildActionMask = 2147483647;
			files = (
				54ABEBD8196D90C6002A3479 /* OpenGLES.framework in Frameworks */,
				54ABEBD2196D90C6002A3479 /* CoreGraphics.framework in Frameworks */,
				54ABEBD4196D90C6002A3479 /* UIKit.framework in Frameworks */,
				54ABEBD6196D90C6002A3479 /* GLKit.framework in Frameworks */,
				54ABEBD0196D90C6002A3479 /* Foundation.framework in Frameworks */,
			);
			runOnlyForDeploymentPostprocessing = 0;
		};
		54ABEBF5196D90C6002A3479 /* Frameworks */ = {
			isa = PBXFrameworksBuildPhase;
			buildActionMask = 2147483647;
			files = (
				54ABEBFA196D90C6002A3479 /* XCTest.framework in Frameworks */,
				54ABEBFC196D90C6002A3479 /* UIKit.framework in Frameworks */,
				54ABEBFB196D90C6002A3479 /* Foundation.framework in Frameworks */,
			);
			runOnlyForDeploymentPostprocessing = 0;
		};
/* End PBXFrameworksBuildPhase section */

/* Begin PBXGroup section */
		54037BFA196FFF3300F8F4DE /* Ressources */ = {
			isa = PBXGroup;
			children = (
				54037BFE1970247400F8F4DE /* rocket_small.png */,
			);
			name = Ressources;
			sourceTree = "<group>";
		};
		54ABEBC3196D90C6002A3479 = {
			isa = PBXGroup;
			children = (
				54ABEBD9196D90C6002A3479 /* gl */,
				54ABEBFF196D90C6002A3479 /* glTests */,
				54ABEBCE196D90C6002A3479 /* Frameworks */,
				54ABEBCD196D90C6002A3479 /* Products */,
			);
			sourceTree = "<group>";
		};
		54ABEBCD196D90C6002A3479 /* Products */ = {
			isa = PBXGroup;
			children = (
				54ABEBCC196D90C6002A3479 /* gl.app */,
				54ABEBF8196D90C6002A3479 /* glTests.xctest */,
			);
			name = Products;
			sourceTree = "<group>";
		};
		54ABEBCE196D90C6002A3479 /* Frameworks */ = {
			isa = PBXGroup;
			children = (
				54ABEBCF196D90C6002A3479 /* Foundation.framework */,
				54ABEBD1196D90C6002A3479 /* CoreGraphics.framework */,
				54ABEBD3196D90C6002A3479 /* UIKit.framework */,
				54ABEBD5196D90C6002A3479 /* GLKit.framework */,
				54ABEBD7196D90C6002A3479 /* OpenGLES.framework */,
				54ABEBF9196D90C6002A3479 /* XCTest.framework */,
			);
			name = Frameworks;
			sourceTree = "<group>";
		};
		54ABEBD9196D90C6002A3479 /* gl */ = {
			isa = PBXGroup;
			children = (
				54037BFA196FFF3300F8F4DE /* Ressources */,
				54037BF8196FF47900F8F4DE /* IconSmall.png */,
				54ABEBE2196D90C6002A3479 /* AppDelegate.h */,
				54ABEBE3196D90C6002A3479 /* AppDelegate.m */,
				54ABEBE5196D90C6002A3479 /* Main_iPhone.storyboard */,
				54ABEBE8196D90C6002A3479 /* Main_iPad.storyboard */,
				54ABEBEF196D90C6002A3479 /* ViewController.h */,
				54ABEBF0196D90C6002A3479 /* ViewController.m */,
				54ABEBF2196D90C6002A3479 /* Images.xcassets */,
				54037BFB196FFF6A00F8F4DE /* Sprite.h */,
				54037BFC196FFF6A00F8F4DE /* Sprite.m */,
				54ABEBDA196D90C6002A3479 /* Supporting Files */,
			);
			path = gl;
			sourceTree = "<group>";
		};
		54ABEBDA196D90C6002A3479 /* Supporting Files */ = {
			isa = PBXGroup;
			children = (
				54ABEBDB196D90C6002A3479 /* gl-Info.plist */,
				54ABEBDC196D90C6002A3479 /* InfoPlist.strings */,
				54ABEBDF196D90C6002A3479 /* main.m */,
				54ABEBE1196D90C6002A3479 /* gl-Prefix.pch */,
			);
			name = "Supporting Files";
			sourceTree = "<group>";
		};
		54ABEBFF196D90C6002A3479 /* glTests */ = {
			isa = PBXGroup;
			children = (
				54ABEC05196D90C6002A3479 /* glTests.m */,
				54ABEC00196D90C6002A3479 /* Supporting Files */,
			);
			path = glTests;
			sourceTree = "<group>";
		};
		54ABEC00196D90C6002A3479 /* Supporting Files */ = {
			isa = PBXGroup;
			children = (
				54ABEC01196D90C6002A3479 /* glTests-Info.plist */,
				54ABEC02196D90C6002A3479 /* InfoPlist.strings */,
			);
			name = "Supporting Files";
			sourceTree = "<group>";
		};
/* End PBXGroup section */

/* Begin PBXNativeTarget section */
		54ABEBCB196D90C6002A3479 /* gl */ = {
			isa = PBXNativeTarget;
			buildConfigurationList = 54ABEC09196D90C6002A3479 /* Build configuration list for PBXNativeTarget "gl" */;
			buildPhases = (
				54ABEBC8196D90C6002A3479 /* Sources */,
				54ABEBC9196D90C6002A3479 /* Frameworks */,
				54ABEBCA196D90C6002A3479 /* Resources */,
			);
			buildRules = (
			);
			dependencies = (
			);
			name = gl;
			productName = gl;
			productReference = 54ABEBCC196D90C6002A3479 /* gl.app */;
			productType = "com.apple.product-type.application";
		};
		54ABEBF7196D90C6002A3479 /* glTests */ = {
			isa = PBXNativeTarget;
			buildConfigurationList = 54ABEC0C196D90C6002A3479 /* Build configuration list for PBXNativeTarget "glTests" */;
			buildPhases = (
				54ABEBF4196D90C6002A3479 /* Sources */,
				54ABEBF5196D90C6002A3479 /* Frameworks */,
				54ABEBF6196D90C6002A3479 /* Resources */,
			);
			buildRules = (
			);
			dependencies = (
				54ABEBFE196D90C6002A3479 /* PBXTargetDependency */,
			);
			name = glTests;
			productName = glTests;
			productReference = 54ABEBF8196D90C6002A3479 /* glTests.xctest */;
			productType = "com.apple.product-type.bundle.unit-test";
		};
/* End PBXNativeTarget section */

/* Begin PBXProject section */
		54ABEBC4196D90C6002A3479 /* Project object */ = {
			isa = PBXProject;
			attributes = {
				LastUpgradeCheck = 0510;
				ORGANIZATIONNAME = "___FULLUSERNAME___";
				TargetAttributes = {
					54ABEBF7196D90C6002A3479 = {
						TestTargetID = 54ABEBCB196D90C6002A3479;
					};
				};
			};
			buildConfigurationList = 54ABEBC7196D90C6002A3479 /* Build configuration list for PBXProject "gl" */;
			compatibilityVersion = "Xcode 3.2";
			developmentRegion = English;
			hasScannedForEncodings = 0;
			knownRegions = (
				en,
				Base,
			);
			mainGroup = 54ABEBC3196D90C6002A3479;
			productRefGroup = 54ABEBCD196D90C6002A3479 /* Products */;
			projectDirPath = "";
			projectRoot = "";
			targets = (
				54ABEBCB196D90C6002A3479 /* gl */,
				54ABEBF7196D90C6002A3479 /* glTests */,
			);
		};
/* End PBXProject section */

/* Begin PBXResourcesBuildPhase section */
		54ABEBCA196D90C6002A3479 /* Resources */ = {
			isa = PBXResourcesBuildPhase;
			buildActionMask = 2147483647;
			files = (
				54ABEBEA196D90C6002A3479 /* Main_iPad.storyboard in Resources */,
				54ABEBE7196D90C6002A3479 /* Main_iPhone.storyboard in Resources */,
				54ABEBF3196D90C6002A3479 /* Images.xcassets in Resources */,
				54037BF9196FF47900F8F4DE /* IconSmall.png in Resources */,
				54ABEBDE196D90C6002A3479 /* InfoPlist.strings in Resources */,
				54037BFF1970247400F8F4DE /* rocket_small.png in Resources */,
			);
			runOnlyForDeploymentPostprocessing = 0;
		};
		54ABEBF6196D90C6002A3479 /* Resources */ = {
			isa = PBXResourcesBuildPhase;
			buildActionMask = 2147483647;
			files = (
				54ABEC04196D90C6002A3479 /* InfoPlist.strings in Resources */,
			);
			runOnlyForDeploymentPostprocessing = 0;
		};
/* End PBXResourcesBuildPhase section */

/* Begin PBXSourcesBuildPhase section */
		54ABEBC8196D90C6002A3479 /* Sources */ = {
			isa = PBXSourcesBuildPhase;
			buildActionMask = 2147483647;
			files = (
				54ABEBF1196D90C6002A3479 /* ViewController.m in Sources */,
				54ABEBE4196D90C6002A3479 /* AppDelegate.m in Sources */,
				54037BFD196FFF6A00F8F4DE /* Sprite.m in Sources */,
				54ABEBE0196D90C6002A3479 /* main.m in Sources */,
			);
			runOnlyForDeploymentPostprocessing = 0;
		};
		54ABEBF4196D90C6002A3479 /* Sources */ = {
			isa = PBXSourcesBuildPhase;
			buildActionMask = 2147483647;
			files = (
				54ABEC06196D90C6002A3479 /* glTests.m in Sources */,
			);
			runOnlyForDeploymentPostprocessing = 0;
		};
/* End PBXSourcesBuildPhase section */

/* Begin PBXTargetDependency section */
		54ABEBFE196D90C6002A3479 /* PBXTargetDependency */ = {
			isa = PBXTargetDependency;
			target = 54ABEBCB196D90C6002A3479 /* gl */;
			targetProxy = 54ABEBFD196D90C6002A3479 /* PBXContainerItemProxy */;
		};
/* End PBXTargetDependency section */

/* Begin PBXVariantGroup section */
		54ABEBDC196D90C6002A3479 /* InfoPlist.strings */ = {
			isa = PBXVariantGroup;
			children = (
				54ABEBDD196D90C6002A3479 /* en */,
			);
			name = InfoPlist.strings;
			sourceTree = "<group>";
		};
		54ABEBE5196D90C6002A3479 /* Main_iPhone.storyboard */ = {
			isa = PBXVariantGroup;
			children = (
				54ABEBE6196D90C6002A3479 /* Base */,
			);
			name = Main_iPhone.storyboard;
			sourceTree = "<group>";
		};
		54ABEBE8196D90C6002A3479 /* Main_iPad.storyboard */ = {
			isa = PBXVariantGroup;
			children = (
				54ABEBE9196D90C6002A3479 /* Base */,
			);
			name = Main_iPad.storyboard;
			sourceTree = "<group>";
		};
		54ABEC02196D90C6002A3479 /* InfoPlist.strings */ = {
			isa = PBXVariantGroup;
			children = (
				54ABEC03196D90C6002A3479 /* en */,
			);
			name = InfoPlist.strings;
			sourceTree = "<group>";
		};
/* End PBXVariantGroup section */

/* Begin XCBuildConfiguration section */
		54ABEC07196D90C6002A3479 /* Debug */ = {
			isa = XCBuildConfiguration;
			buildSettings = {
				ALWAYS_SEARCH_USER_PATHS = NO;
				CLANG_CXX_LANGUAGE_STANDARD = "gnu++0x";
				CLANG_CXX_LIBRARY = "libc++";
				CLANG_ENABLE_MODULES = YES;
				CLANG_ENABLE_OBJC_ARC = YES;
				CLANG_WARN_BOOL_CONVERSION = YES;
				CLANG_WARN_CONSTANT_CONVERSION = YES;
				CLANG_WARN_DIRECT_OBJC_ISA_USAGE = YES_ERROR;
				CLANG_WARN_EMPTY_BODY = YES;
				CLANG_WARN_ENUM_CONVERSION = YES;
				CLANG_WARN_INT_CONVERSION = YES;
				CLANG_WARN_OBJC_ROOT_CLASS = YES_ERROR;
				CLANG_WARN__DUPLICATE_METHOD_MATCH = YES;
				"CODE_SIGN_IDENTITY[sdk=iphoneos*]" = "iPhone Developer";
				COPY_PHASE_STRIP = NO;
				GCC_C_LANGUAGE_STANDARD = gnu99;
				GCC_DYNAMIC_NO_PIC = NO;
				GCC_OPTIMIZATION_LEVEL = 0;
				GCC_PREPROCESSOR_DEFINITIONS = (
					"DEBUG=1",
					"$(inherited)",
				);
				GCC_SYMBOLS_PRIVATE_EXTERN = NO;
				GCC_WARN_64_TO_32_BIT_CONVERSION = YES;
				GCC_WARN_ABOUT_RETURN_TYPE = YES_ERROR;
				GCC_WARN_UNDECLARED_SELECTOR = YES;
				GCC_WARN_UNINITIALIZED_AUTOS = YES_AGGRESSIVE;
				GCC_WARN_UNUSED_FUNCTION = YES;
				GCC_WARN_UNUSED_VARIABLE = YES;
				IPHONEOS_DEPLOYMENT_TARGET = 7.1;
				ONLY_ACTIVE_ARCH = YES;
				SDKROOT = iphoneos;
				TARGETED_DEVICE_FAMILY = "1,2";
			};
			name = Debug;
		};
		54ABEC08196D90C6002A3479 /* Release */ = {
			isa = XCBuildConfiguration;
			buildSettings = {
				ALWAYS_SEARCH_USER_PATHS = NO;
				CLANG_CXX_LANGUAGE_STANDARD = "gnu++0x";
				CLANG_CXX_LIBRARY = "libc++";
				CLANG_ENABLE_MODULES = YES;
				CLANG_ENABLE_OBJC_ARC = YES;
				CLANG_WARN_BOOL_CONVERSION = YES;
				CLANG_WARN_CONSTANT_CONVERSION = YES;
				CLANG_WARN_DIRECT_OBJC_ISA_USAGE = YES_ERROR;
				CLANG_WARN_EMPTY_BODY = YES;
				CLANG_WARN_ENUM_CONVERSION = YES;
				CLANG_WARN_INT_CONVERSION = YES;
				CLANG_WARN_OBJC_ROOT_CLASS = YES_ERROR;
				CLANG_WARN__DUPLICATE_METHOD_MATCH = YES;
				"CODE_SIGN_IDENTITY[sdk=iphoneos*]" = "iPhone Developer";
				COPY_PHASE_STRIP = YES;
				ENABLE_NS_ASSERTIONS = NO;
				GCC_C_LANGUAGE_STANDARD = gnu99;
				GCC_WARN_64_TO_32_BIT_CONVERSION = YES;
				GCC_WARN_ABOUT_RETURN_TYPE = YES_ERROR;
				GCC_WARN_UNDECLARED_SELECTOR = YES;
				GCC_WARN_UNINITIALIZED_AUTOS = YES_AGGRESSIVE;
				GCC_WARN_UNUSED_FUNCTION = YES;
				GCC_WARN_UNUSED_VARIABLE = YES;
				IPHONEOS_DEPLOYMENT_TARGET = 7.1;
				SDKROOT = iphoneos;
				TARGETED_DEVICE_FAMILY = "1,2";
				VALIDATE_PRODUCT = YES;
			};
			name = Release;
		};
		54ABEC0A196D90C6002A3479 /* Debug */ = {
			isa = XCBuildConfiguration;
			buildSettings = {
				ASSETCATALOG_COMPILER_APPICON_NAME = AppIcon;
				ASSETCATALOG_COMPILER_LAUNCHIMAGE_NAME = LaunchImage;
				GCC_PRECOMPILE_PREFIX_HEADER = YES;
				GCC_PREFIX_HEADER = "gl/gl-Prefix.pch";
				INFOPLIST_FILE = "gl/gl-Info.plist";
				PRODUCT_NAME = "$(TARGET_NAME)";
				WRAPPER_EXTENSION = app;
			};
			name = Debug;
		};
		54ABEC0B196D90C6002A3479 /* Release */ = {
			isa = XCBuildConfiguration;
			buildSettings = {
				ASSETCATALOG_COMPILER_APPICON_NAME = AppIcon;
				ASSETCATALOG_COMPILER_LAUNCHIMAGE_NAME = LaunchImage;
				GCC_PRECOMPILE_PREFIX_HEADER = YES;
				GCC_PREFIX_HEADER = "gl/gl-Prefix.pch";
				INFOPLIST_FILE = "gl/gl-Info.plist";
				PRODUCT_NAME = "$(TARGET_NAME)";
				WRAPPER_EXTENSION = app;
			};
			name = Release;
		};
		54ABEC0D196D90C6002A3479 /* Debug */ = {
			isa = XCBuildConfiguration;
			buildSettings = {
				BUNDLE_LOADER = "$(BUILT_PRODUCTS_DIR)/gl.app/gl";
				FRAMEWORK_SEARCH_PATHS = (
					"$(SDKROOT)/Developer/Library/Frameworks",
					"$(inherited)",
					"$(DEVELOPER_FRAMEWORKS_DIR)",
				);
				GCC_PRECOMPILE_PREFIX_HEADER = YES;
				GCC_PREFIX_HEADER = "gl/gl-Prefix.pch";
				GCC_PREPROCESSOR_DEFINITIONS = (
					"DEBUG=1",
					"$(inherited)",
				);
				INFOPLIST_FILE = "glTests/glTests-Info.plist";
				PRODUCT_NAME = "$(TARGET_NAME)";
				TEST_HOST = "$(BUNDLE_LOADER)";
				WRAPPER_EXTENSION = xctest;
			};
			name = Debug;
		};
		54ABEC0E196D90C6002A3479 /* Release */ = {
			isa = XCBuildConfiguration;
			buildSettings = {
				BUNDLE_LOADER = "$(BUILT_PRODUCTS_DIR)/gl.app/gl";
				FRAMEWORK_SEARCH_PATHS = (
					"$(SDKROOT)/Developer/Library/Frameworks",
					"$(inherited)",
					"$(DEVELOPER_FRAMEWORKS_DIR)",
				);
				GCC_PRECOMPILE_PREFIX_HEADER = YES;
				GCC_PREFIX_HEADER = "gl/gl-Prefix.pch";
				INFOPLIST_FILE = "glTests/glTests-Info.plist";
				PRODUCT_NAME = "$(TARGET_NAME)";
				TEST_HOST = "$(BUNDLE_LOADER)";
				WRAPPER_EXTENSION = xctest;
			};
			name = Release;
		};
/* End XCBuildConfiguration section */

/* Begin XCConfigurationList section */
		54ABEBC7196D90C6002A3479 /* Build configuration list for PBXProject "gl" */ = {
			isa = XCConfigurationList;
			buildConfigurations = (
				54ABEC07196D90C6002A3479 /* Debug */,
				54ABEC08196D90C6002A3479 /* Release */,
			);
			defaultConfigurationIsVisible = 0;
			defaultConfigurationName = Release;
		};
		54ABEC09196D90C6002A3479 /* Build configuration list for PBXNativeTarget "gl" */ = {
			isa = XCConfigurationList;
			buildConfigurations = (
				54ABEC0A196D90C6002A3479 /* Debug */,
				54ABEC0B196D90C6002A3479 /* Release */,
			);
			defaultConfigurationIsVisible = 0;
			defaultConfigurationName = Release;
		};
		54ABEC0C196D90C6002A3479 /* Build configuration list for PBXNativeTarget "glTests" */ = {
			isa = XCConfigurationList;
			buildConfigurations = (
				54ABEC0D196D90C6002A3479 /* Debug */,
				54ABEC0E196D90C6002A3479 /* Release */,
			);
			defaultConfigurationIsVisible = 0;
			defaultConfigurationName = Release;
		};
/* End XCConfigurationList section */
	};
	rootObject = 54ABEBC4196D90C6002A3479 /* Project object */;
}
